// !$*UTF8*$!
{
	archiveVersion = 1;
	classes = {
	};
	objectVersion = 50;
	objects = {

/* Begin PBXBuildFile section */
		FA58D11E26449B720002F53E /* CurrencyModel.swift in Sources */ = {isa = PBXBuildFile; fileRef = FA58D11D26449B720002F53E /* CurrencyModel.swift */; };
		FAE97C89263F207500F482A5 /* AppDelegate.swift in Sources */ = {isa = PBXBuildFile; fileRef = FAE97C88263F207500F482A5 /* AppDelegate.swift */; };
		FAE97C8B263F207500F482A5 /* SceneDelegate.swift in Sources */ = {isa = PBXBuildFile; fileRef = FAE97C8A263F207500F482A5 /* SceneDelegate.swift */; };
		FAE97C8D263F207500F482A5 /* ContentView.swift in Sources */ = {isa = PBXBuildFile; fileRef = FAE97C8C263F207500F482A5 /* ContentView.swift */; };
		FAE97C90263F207500F482A5 /* AppKursValut.xcdatamodeld in Sources */ = {isa = PBXBuildFile; fileRef = FAE97C8E263F207500F482A5 /* AppKursValut.xcdatamodeld */; };
		FAE97C92263F207800F482A5 /* Assets.xcassets in Resources */ = {isa = PBXBuildFile; fileRef = FAE97C91263F207800F482A5 /* Assets.xcassets */; };
		FAE97C95263F207800F482A5 /* Preview Assets.xcassets in Resources */ = {isa = PBXBuildFile; fileRef = FAE97C94263F207800F482A5 /* Preview Assets.xcassets */; };
		FAE97C98263F207800F482A5 /* LaunchScreen.storyboard in Resources */ = {isa = PBXBuildFile; fileRef = FAE97C96263F207800F482A5 /* LaunchScreen.storyboard */; };
		FAE97CA0263F209300F482A5 /* TopView.swift in Sources */ = {isa = PBXBuildFile; fileRef = FAE97C9F263F209300F482A5 /* TopView.swift */; };
		FAE97CA2263F3CE900F482A5 /* Cell.swift in Sources */ = {isa = PBXBuildFile; fileRef = FAE97CA1263F3CE900F482A5 /* Cell.swift */; };
		FAE97CA4263F407800F482A5 /* ImageLoad.swift in Sources */ = {isa = PBXBuildFile; fileRef = FAE97CA3263F407800F482A5 /* ImageLoad.swift */; };
		FAE97CA7263F593E00F482A5 /* Data.swift in Sources */ = {isa = PBXBuildFile; fileRef = FAE97CA6263F593E00F482A5 /* Data.swift */; };
		FAE97CA9263F59D200F482A5 /* ValuteResponse.swift in Sources */ = {isa = PBXBuildFile; fileRef = FAE97CA8263F59D200F482A5 /* ValuteResponse.swift */; };
/* End PBXBuildFile section */

/* Begin PBXFileReference section */
		FA58D11D26449B720002F53E /* CurrencyModel.swift */ = {isa = PBXFileReference; lastKnownFileType = sourcecode.swift; path = CurrencyModel.swift; sourceTree = "<group>"; };
		FAE97C85263F207400F482A5 /* AppKursValut.app */ = {isa = PBXFileReference; explicitFileType = wrapper.application; includeInIndex = 0; path = AppKursValut.app; sourceTree = BUILT_PRODUCTS_DIR; };
		FAE97C88263F207500F482A5 /* AppDelegate.swift */ = {isa = PBXFileReference; lastKnownFileType = sourcecode.swift; path = AppDelegate.swift; sourceTree = "<group>"; };
		FAE97C8A263F207500F482A5 /* SceneDelegate.swift */ = {isa = PBXFileReference; lastKnownFileType = sourcecode.swift; path = SceneDelegate.swift; sourceTree = "<group>"; };
		FAE97C8C263F207500F482A5 /* ContentView.swift */ = {isa = PBXFileReference; lastKnownFileType = sourcecode.swift; path = ContentView.swift; sourceTree = "<group>"; };
		FAE97C8F263F207500F482A5 /* AppKursValut.xcdatamodel */ = {isa = PBXFileReference; lastKnownFileType = wrapper.xcdatamodel; path = AppKursValut.xcdatamodel; sourceTree = "<group>"; };
		FAE97C91263F207800F482A5 /* Assets.xcassets */ = {isa = PBXFileReference; lastKnownFileType = folder.assetcatalog; path = Assets.xcassets; sourceTree = "<group>"; };
		FAE97C94263F207800F482A5 /* Preview Assets.xcassets */ = {isa = PBXFileReference; lastKnownFileType = folder.assetcatalog; path = "Preview Assets.xcassets"; sourceTree = "<group>"; };
		FAE97C97263F207800F482A5 /* Base */ = {isa = PBXFileReference; lastKnownFileType = file.storyboard; name = Base; path = Base.lproj/LaunchScreen.storyboard; sourceTree = "<group>"; };
		FAE97C99263F207800F482A5 /* Info.plist */ = {isa = PBXFileReference; lastKnownFileType = text.plist.xml; path = Info.plist; sourceTree = "<group>"; };
		FAE97C9F263F209300F482A5 /* TopView.swift */ = {isa = PBXFileReference; lastKnownFileType = sourcecode.swift; path = TopView.swift; sourceTree = "<group>"; };
		FAE97CA1263F3CE900F482A5 /* Cell.swift */ = {isa = PBXFileReference; lastKnownFileType = sourcecode.swift; path = Cell.swift; sourceTree = "<group>"; };
		FAE97CA3263F407800F482A5 /* ImageLoad.swift */ = {isa = PBXFileReference; lastKnownFileType = sourcecode.swift; path = ImageLoad.swift; sourceTree = "<group>"; };
		FAE97CA5263F500400F482A5 /* KursValutModelData.json */ = {isa = PBXFileReference; lastKnownFileType = text.json; path = KursValutModelData.json; sourceTree = "<group>"; };
		FAE97CA6263F593E00F482A5 /* Data.swift */ = {isa = PBXFileReference; lastKnownFileType = sourcecode.swift; path = Data.swift; sourceTree = "<group>"; };
		FAE97CA8263F59D200F482A5 /* ValuteResponse.swift */ = {isa = PBXFileReference; lastKnownFileType = sourcecode.swift; path = ValuteResponse.swift; sourceTree = "<group>"; };
/* End PBXFileReference section */

/* Begin PBXFrameworksBuildPhase section */
		FAE97C82263F207400F482A5 /* Frameworks */ = {
			isa = PBXFrameworksBuildPhase;
			buildActionMask = 2147483647;
			files = (
			);
			runOnlyForDeploymentPostprocessing = 0;
		};
/* End PBXFrameworksBuildPhase section */

/* Begin PBXGroup section */
		FAE97C7C263F207400F482A5 = {
			isa = PBXGroup;
			children = (
				FAE97C87263F207500F482A5 /* AppKursValut */,
				FAE97C86263F207500F482A5 /* Products */,
			);
			sourceTree = "<group>";
		};
		FAE97C86263F207500F482A5 /* Products */ = {
			isa = PBXGroup;
			children = (
				FAE97C85263F207400F482A5 /* AppKursValut.app */,
			);
			name = Products;
			sourceTree = "<group>";
		};
		FAE97C87263F207500F482A5 /* AppKursValut */ = {
			isa = PBXGroup;
			children = (
				FAE97C88263F207500F482A5 /* AppDelegate.swift */,
				FAE97C8A263F207500F482A5 /* SceneDelegate.swift */,
				FAE97CA6263F593E00F482A5 /* Data.swift */,
				FAE97CA5263F500400F482A5 /* KursValutModelData.json */,
				FAE97CA8263F59D200F482A5 /* ValuteResponse.swift */,
				FAE97C8C263F207500F482A5 /* ContentView.swift */,
				FAE97C9F263F209300F482A5 /* TopView.swift */,
				FAE97CA1263F3CE900F482A5 /* Cell.swift */,
				FAE97C91263F207800F482A5 /* Assets.xcassets */,
				FAE97C96263F207800F482A5 /* LaunchScreen.storyboard */,
				FAE97C99263F207800F482A5 /* Info.plist */,
				FAE97C8E263F207500F482A5 /* AppKursValut.xcdatamodeld */,
				FAE97C93263F207800F482A5 /* Preview Content */,
				FAE97CA3263F407800F482A5 /* ImageLoad.swift */,
				FA58D11D26449B720002F53E /* CurrencyModel.swift */,
			);
			path = AppKursValut;
			sourceTree = "<group>";
		};
		FAE97C93263F207800F482A5 /* Preview Content */ = {
			isa = PBXGroup;
			children = (
				FAE97C94263F207800F482A5 /* Preview Assets.xcassets */,
			);
			path = "Preview Content";
			sourceTree = "<group>";
		};
/* End PBXGroup section */

/* Begin PBXNativeTarget section */
		FAE97C84263F207400F482A5 /* AppKursValut */ = {
			isa = PBXNativeTarget;
			buildConfigurationList = FAE97C9C263F207800F482A5 /* Build configuration list for PBXNativeTarget "AppKursValut" */;
			buildPhases = (
				FAE97C81263F207400F482A5 /* Sources */,
				FAE97C82263F207400F482A5 /* Frameworks */,
				FAE97C83263F207400F482A5 /* Resources */,
			);
			buildRules = (
			);
			dependencies = (
			);
			name = AppKursValut;
			productName = AppKursValut;
			productReference = FAE97C85263F207400F482A5 /* AppKursValut.app */;
			productType = "com.apple.product-type.application";
		};
/* End PBXNativeTarget section */

/* Begin PBXProject section */
		FAE97C7D263F207400F482A5 /* Project object */ = {
			isa = PBXProject;
			attributes = {
				LastSwiftUpdateCheck = 1250;
				LastUpgradeCheck = 1250;
				TargetAttributes = {
					FAE97C84263F207400F482A5 = {
						CreatedOnToolsVersion = 12.5;
					};
				};
			};
			buildConfigurationList = FAE97C80263F207400F482A5 /* Build configuration list for PBXProject "AppKursValut" */;
			compatibilityVersion = "Xcode 9.3";
			developmentRegion = en;
			hasScannedForEncodings = 0;
			knownRegions = (
				en,
				Base,
			);
			mainGroup = FAE97C7C263F207400F482A5;
			productRefGroup = FAE97C86263F207500F482A5 /* Products */;
			projectDirPath = "";
			projectRoot = "";
			targets = (
				FAE97C84263F207400F482A5 /* AppKursValut */,
			);
		};
/* End PBXProject section */

/* Begin PBXResourcesBuildPhase section */
		FAE97C83263F207400F482A5 /* Resources */ = {
			isa = PBXResourcesBuildPhase;
			buildActionMask = 2147483647;
			files = (
				FAE97C98263F207800F482A5 /* LaunchScreen.storyboard in Resources */,
				FAE97C95263F207800F482A5 /* Preview Assets.xcassets in Resources */,
				FAE97C92263F207800F482A5 /* Assets.xcassets in Resources */,
			);
			runOnlyForDeploymentPostprocessing = 0;
		};
/* End PBXResourcesBuildPhase section */

/* Begin PBXSourcesBuildPhase section */
		FAE97C81263F207400F482A5 /* Sources */ = {
			isa = PBXSourcesBuildPhase;
			buildActionMask = 2147483647;
			files = (
				FA58D11E26449B720002F53E /* CurrencyModel.swift in Sources */,
				FAE97C89263F207500F482A5 /* AppDelegate.swift in Sources */,
				FAE97CA0263F209300F482A5 /* TopView.swift in Sources */,
				FAE97CA9263F59D200F482A5 /* ValuteResponse.swift in Sources */,
				FAE97C8B263F207500F482A5 /* SceneDelegate.swift in Sources */,
				FAE97C8D263F207500F482A5 /* ContentView.swift in Sources */,
				FAE97C90263F207500F482A5 /* AppKursValut.xcdatamodeld in Sources */,
				FAE97CA2263F3CE900F482A5 /* Cell.swift in Sources */,
				FAE97CA4263F407800F482A5 /* ImageLoad.swift in Sources */,
				FAE97CA7263F593E00F482A5 /* Data.swift in Sources */,
			);
			runOnlyForDeploymentPostprocessing = 0;
		};
/* End PBXSourcesBuildPhase section */

/* Begin PBXVariantGroup section */
		FAE97C96263F207800F482A5 /* LaunchScreen.storyboard */ = {
			isa = PBXVariantGroup;
			children = (
				FAE97C97263F207800F482A5 /* Base */,
			);
			name = LaunchScreen.storyboard;
			sourceTree = "<group>";
		};
/* End PBXVariantGroup section */

/* Begin XCBuildConfiguration section */
		FAE97C9A263F207800F482A5 /* Debug */ = {
			isa = XCBuildConfiguration;
			buildSettings = {
				ALWAYS_SEARCH_USER_PATHS = NO;
				CLANG_ANALYZER_NONNULL = YES;
				CLANG_ANALYZER_NUMBER_OBJECT_CONVERSION = YES_AGGRESSIVE;
				CLANG_CXX_LANGUAGE_STANDARD = "gnu++14";
				CLANG_CXX_LIBRARY = "libc++";
				CLANG_ENABLE_MODULES = YES;
				CLANG_ENABLE_OBJC_ARC = YES;
				CLANG_ENABLE_OBJC_WEAK = YES;
				CLANG_WARN_BLOCK_CAPTURE_AUTORELEASING = YES;
				CLANG_WARN_BOOL_CONVERSION = YES;
				CLANG_WARN_COMMA = YES;
				CLANG_WARN_CONSTANT_CONVERSION = YES;
				CLANG_WARN_DEPRECATED_OBJC_IMPLEMENTATIONS = YES;
				CLANG_WARN_DIRECT_OBJC_ISA_USAGE = YES_ERROR;
				CLANG_WARN_DOCUMENTATION_COMMENTS = YES;
				CLANG_WARN_EMPTY_BODY = YES;
				CLANG_WARN_ENUM_CONVERSION = YES;
				CLANG_WARN_INFINITE_RECURSION = YES;
				CLANG_WARN_INT_CONVERSION = YES;
				CLANG_WARN_NON_LITERAL_NULL_CONVERSION = YES;
				CLANG_WARN_OBJC_IMPLICIT_RETAIN_SELF = YES;
				CLANG_WARN_OBJC_LITERAL_CONVERSION = YES;
				CLANG_WARN_OBJC_ROOT_CLASS = YES_ERROR;
				CLANG_WARN_QUOTED_INCLUDE_IN_FRAMEWORK_HEADER = YES;
				CLANG_WARN_RANGE_LOOP_ANALYSIS = YES;
				CLANG_WARN_STRICT_PROTOTYPES = YES;
				CLANG_WARN_SUSPICIOUS_MOVE = YES;
				CLANG_WARN_UNGUARDED_AVAILABILITY = YES_AGGRESSIVE;
				CLANG_WARN_UNREACHABLE_CODE = YES;
				CLANG_WARN__DUPLICATE_METHOD_MATCH = YES;
				COPY_PHASE_STRIP = NO;
				DEBUG_INFORMATION_FORMAT = dwarf;
				ENABLE_STRICT_OBJC_MSGSEND = YES;
				ENABLE_TESTABILITY = YES;
				GCC_C_LANGUAGE_STANDARD = gnu11;
				GCC_DYNAMIC_NO_PIC = NO;
				GCC_NO_COMMON_BLOCKS = YES;
				GCC_OPTIMIZATION_LEVEL = 0;
				GCC_PREPROCESSOR_DEFINITIONS = (
					"DEBUG=1",
					"$(inherited)",
				);
				GCC_WARN_64_TO_32_BIT_CONVERSION = YES;
				GCC_WARN_ABOUT_RETURN_TYPE = YES_ERROR;
				GCC_WARN_UNDECLARED_SELECTOR = YES;
				GCC_WARN_UNINITIALIZED_AUTOS = YES_AGGRESSIVE;
				GCC_WARN_UNUSED_FUNCTION = YES;
				GCC_WARN_UNUSED_VARIABLE = YES;
				IPHONEOS_DEPLOYMENT_TARGET = 14.5;
				MTL_ENABLE_DEBUG_INFO = INCLUDE_SOURCE;
				MTL_FAST_MATH = YES;
				ONLY_ACTIVE_ARCH = YES;
				SDKROOT = iphoneos;
				SWIFT_ACTIVE_COMPILATION_CONDITIONS = DEBUG;
				SWIFT_OPTIMIZATION_LEVEL = "-Onone";
			};
			name = Debug;
		};
		FAE97C9B263F207800F482A5 /* Release */ = {
			isa = XCBuildConfiguration;
			buildSettings = {
				ALWAYS_SEARCH_USER_PATHS = NO;
				CLANG_ANALYZER_NONNULL = YES;
				CLANG_ANALYZER_NUMBER_OBJECT_CONVERSION = YES_AGGRESSIVE;
				CLANG_CXX_LANGUAGE_STANDARD = "gnu++14";
				CLANG_CXX_LIBRARY = "libc++";
				CLANG_ENABLE_MODULES = YES;
				CLANG_ENABLE_OBJC_ARC = YES;
				CLANG_ENABLE_OBJC_WEAK = YES;
				CLANG_WARN_BLOCK_CAPTURE_AUTORELEASING = YES;
				CLANG_WARN_BOOL_CONVERSION = YES;
				CLANG_WARN_COMMA = YES;
				CLANG_WARN_CONSTANT_CONVERSION = YES;
				CLANG_WARN_DEPRECATED_OBJC_IMPLEMENTATIONS = YES;
				CLANG_WARN_DIRECT_OBJC_ISA_USAGE = YES_ERROR;
				CLANG_WARN_DOCUMENTATION_COMMENTS = YES;
				CLANG_WARN_EMPTY_BODY = YES;
				CLANG_WARN_ENUM_CONVERSION = YES;
				CLANG_WARN_INFINITE_RECURSION = YES;
				CLANG_WARN_INT_CONVERSION = YES;
				CLANG_WARN_NON_LITERAL_NULL_CONVERSION = YES;
				CLANG_WARN_OBJC_IMPLICIT_RETAIN_SELF = YES;
				CLANG_WARN_OBJC_LITERAL_CONVERSION = YES;
				CLANG_WARN_OBJC_ROOT_CLASS = YES_ERROR;
				CLANG_WARN_QUOTED_INCLUDE_IN_FRAMEWORK_HEADER = YES;
				CLANG_WARN_RANGE_LOOP_ANALYSIS = YES;
				CLANG_WARN_STRICT_PROTOTYPES = YES;
				CLANG_WARN_SUSPICIOUS_MOVE = YES;
				CLANG_WARN_UNGUARDED_AVAILABILITY = YES_AGGRESSIVE;
				CLANG_WARN_UNREACHABLE_CODE = YES;
				CLANG_WARN__DUPLICATE_METHOD_MATCH = YES;
				COPY_PHASE_STRIP = NO;
				DEBUG_INFORMATION_FORMAT = "dwarf-with-dsym";
				ENABLE_NS_ASSERTIONS = NO;
				ENABLE_STRICT_OBJC_MSGSEND = YES;
				GCC_C_LANGUAGE_STANDARD = gnu11;
				GCC_NO_COMMON_BLOCKS = YES;
				GCC_WARN_64_TO_32_BIT_CONVERSION = YES;
				GCC_WARN_ABOUT_RETURN_TYPE = YES_ERROR;
				GCC_WARN_UNDECLARED_SELECTOR = YES;
				GCC_WARN_UNINITIALIZED_AUTOS = YES_AGGRESSIVE;
				GCC_WARN_UNUSED_FUNCTION = YES;
				GCC_WARN_UNUSED_VARIABLE = YES;
				IPHONEOS_DEPLOYMENT_TARGET = 14.5;
				MTL_ENABLE_DEBUG_INFO = NO;
				MTL_FAST_MATH = YES;
				SDKROOT = iphoneos;
				SWIFT_COMPILATION_MODE = wholemodule;
				SWIFT_OPTIMIZATION_LEVEL = "-O";
				VALIDATE_PRODUCT = YES;
			};
			name = Release;
		};
		FAE97C9D263F207800F482A5 /* Debug */ = {
			isa = XCBuildConfiguration;
			buildSettings = {
				ASSETCATALOG_COMPILER_APPICON_NAME = AppIcon;
				ASSETCATALOG_COMPILER_GLOBAL_ACCENT_COLOR_NAME = AccentColor;
				CODE_SIGN_STYLE = Automatic;
				DEVELOPMENT_ASSET_PATHS = "\"AppKursValut/Preview Content\"";
				ENABLE_PREVIEWS = YES;
				INFOPLIST_FILE = AppKursValut/Info.plist;
				LD_RUNPATH_SEARCH_PATHS = (
					"$(inherited)",
					"@executable_path/Frameworks",
				);
				PRODUCT_BUNDLE_IDENTIFIER = "Gordeichik-Sergey.AppKursValut";
				PRODUCT_NAME = "$(TARGET_NAME)";
				SWIFT_VERSION = 5.0;
				TARGETED_DEVICE_FAMILY = "1,2";
			};
			name = Debug;
		};
		FAE97C9E263F207800F482A5 /* Release */ = {
			isa = XCBuildConfiguration;
			buildSettings = {
				ASSETCATALOG_COMPILER_APPICON_NAME = AppIcon;
				ASSETCATALOG_COMPILER_GLOBAL_ACCENT_COLOR_NAME = AccentColor;
				CODE_SIGN_STYLE = Automatic;
				DEVELOPMENT_ASSET_PATHS = "\"AppKursValut/Preview Content\"";
				ENABLE_PREVIEWS = YES;
				INFOPLIST_FILE = AppKursValut/Info.plist;
				LD_RUNPATH_SEARCH_PATHS = (
					"$(inherited)",
					"@executable_path/Frameworks",
				);
				PRODUCT_BUNDLE_IDENTIFIER = "Gordeichik-Sergey.AppKursValut";
				PRODUCT_NAME = "$(TARGET_NAME)";
				SWIFT_VERSION = 5.0;
				TARGETED_DEVICE_FAMILY = "1,2";
			};
			name = Release;
		};
/* End XCBuildConfiguration section */

/* Begin XCConfigurationList section */
		FAE97C80263F207400F482A5 /* Build configuration list for PBXProject "AppKursValut" */ = {
			isa = XCConfigurationList;
			buildConfigurations = (
				FAE97C9A263F207800F482A5 /* Debug */,
				FAE97C9B263F207800F482A5 /* Release */,
			);
			defaultConfigurationIsVisible = 0;
			defaultConfigurationName = Release;
		};
		FAE97C9C263F207800F482A5 /* Build configuration list for PBXNativeTarget "AppKursValut" */ = {
			isa = XCConfigurationList;
			buildConfigurations = (
				FAE97C9D263F207800F482A5 /* Debug */,
				FAE97C9E263F207800F482A5 /* Release */,
			);
			defaultConfigurationIsVisible = 0;
			defaultConfigurationName = Release;
		};
/* End XCConfigurationList section */

/* Begin XCVersionGroup section */
		FAE97C8E263F207500F482A5 /* AppKursValut.xcdatamodeld */ = {
			isa = XCVersionGroup;
			children = (
				FAE97C8F263F207500F482A5 /* AppKursValut.xcdatamodel */,
			);
			currentVersion = FAE97C8F263F207500F482A5 /* AppKursValut.xcdatamodel */;
			path = AppKursValut.xcdatamodeld;
			sourceTree = "<group>";
			versionGroupType = wrapper.xcdatamodel;
		};
/* End XCVersionGroup section */
	};
	rootObject = FAE97C7D263F207400F482A5 /* Project object */;
}
